
Microsoft Visual Studio Solution File, Format Version 12.00
# Visual Studio 15
VisualStudioVersion = 15.0.27004.2009
MinimumVisualStudioVersion = 10.0.40219.1
Project("{FAE04EC0-301F-11D3-BF4B-00C04F79EFBC}") = "mvctest", "mvctest\mvctest.csproj", "{2760E7DE-DED6-4090-A051-FA1A3D29A309}"
EndProject
Project("{FAE04EC0-301F-11D3-BF4B-00C04F79EFBC}") = "ApiService", "ApiService\ApiService.csproj", "{4101C551-3EE0-4C90-88EC-BD9B46331154}"
EndProject
Project("{FAE04EC0-301F-11D3-BF4B-00C04F79EFBC}") = "testcore", "testcore\testcore.csproj", "{2881B7ED-961B-49F7-A935-BE49D5853C73}"
EndProject
Global
	GlobalSection(SolutionConfigurationPlatforms) = preSolution
		Debug|Any CPU = Debug|Any CPU
		Release|Any CPU = Release|Any CPU
	EndGlobalSection
	GlobalSection(ProjectConfigurationPlatforms) = postSolution
		{2760E7DE-DED6-4090-A051-FA1A3D29A309}.Debug|Any CPU.ActiveCfg = Debug|Any CPU
		{2760E7DE-DED6-4090-A051-FA1A3D29A309}.Debug|Any CPU.Build.0 = Debug|Any CPU
		{2760E7DE-DED6-4090-A051-FA1A3D29A309}.Release|Any CPU.ActiveCfg = Release|Any CPU
		{2760E7DE-DED6-4090-A051-FA1A3D29A309}.Release|Any CPU.Build.0 = Release|Any CPU
		{4101C551-3EE0-4C90-88EC-BD9B46331154}.Debug|Any CPU.ActiveCfg = Debug|Any CPU
		{4101C551-3EE0-4C90-88EC-BD9B46331154}.Debug|Any CPU.Build.0 = Debug|Any CPU
		{4101C551-3EE0-4C90-88EC-BD9B46331154}.Release|Any CPU.ActiveCfg = Release|Any CPU
		{4101C551-3EE0-4C90-88EC-BD9B46331154}.Release|Any CPU.Build.0 = Release|Any CPU
		{2881B7ED-961B-49F7-A935-BE49D5853C73}.Debug|Any CPU.ActiveCfg = Debug|Any CPU
		{2881B7ED-961B-49F7-A935-BE49D5853C73}.Debug|Any CPU.Build.0 = Debug|Any CPU
		{2881B7ED-961B-49F7-A935-BE49D5853C73}.Release|Any CPU.ActiveCfg = Release|Any CPU
		{2881B7ED-961B-49F7-A935-BE49D5853C73}.Release|Any CPU.Build.0 = Release|Any CPU
	EndGlobalSection
	GlobalSection(SolutionProperties) = preSolution
		HideSolutionNode = FALSE
	EndGlobalSection
	GlobalSection(ExtensibilityGlobals) = postSolution
		SolutionGuid = {6A77095A-6A6F-4897-838D-85C97C126E9B}
	EndGlobalSection
EndGlobal
